// !$*UTF8*$!
{
	archiveVersion = 1;
	classes = {
	};
	objectVersion = 46;
	objects = {

/* Begin PBXBuildFile section */
		2672C0680ED5686014D6BA99 /* MadSqliteFactory.hh in Headers */ = {isa = PBXBuildFile; fileRef = 2672C281F480F476E6CB0343 /* MadSqliteFactory.hh */; settings = {ATTRIBUTES = (Public, ); }; };
		2672C09E47B0D64B3524EC90 /* MadDatabaseImpl.mm in Sources */ = {isa = PBXBuildFile; fileRef = 2672C6B7FAF1F0D7F7085A51 /* MadDatabaseImpl.mm */; };
		2672C3C2808B0A7786A1F762 /* MadQueryImpl.hh in Headers */ = {isa = PBXBuildFile; fileRef = 2672C2ADFBAF45F6278FE659 /* MadQueryImpl.hh */; };
		2672C5A7F5BDD7A12EA3D2DD /* MadContentValuesImpl.hh in Headers */ = {isa = PBXBuildFile; fileRef = 2672CB6449AB3BED7DDB3E4F /* MadContentValuesImpl.hh */; };
		2672C612EE55CAB60C4B6C2D /* MadQueryImpl.mm in Sources */ = {isa = PBXBuildFile; fileRef = 2672C8FD20F84FF7C95177CF /* MadQueryImpl.mm */; };
		2672C9FA99FAACF371A22E57 /* MadSqliteFactory.mm in Sources */ = {isa = PBXBuildFile; fileRef = 2672CE5A6A589A8D046E2CA4 /* MadSqliteFactory.mm */; };
		2672CB1A6AEE63E1107A4E2A /* MadContentValuesImpl.mm in Sources */ = {isa = PBXBuildFile; fileRef = 2672C408441706F83DFCAB48 /* MadContentValuesImpl.mm */; };
		2672CCF099FA3690D29016E5 /* MadContentValues.h in Headers */ = {isa = PBXBuildFile; fileRef = 2672C5C206CC808E60FB3E10 /* MadContentValues.h */; settings = {ATTRIBUTES = (Public, ); }; };
		2672CE1911CEE0954B61316B /* MadSqliteFTS5Tests.swift in Sources */ = {isa = PBXBuildFile; fileRef = 2672CFC6BD5777242B16B6A4 /* MadSqliteFTS5Tests.swift */; };
		2672CF8C3310F231117BC900 /* MadDatabase.h in Headers */ = {isa = PBXBuildFile; fileRef = 2672CE5584F236865F92AAD1 /* MadDatabase.h */; settings = {ATTRIBUTES = (Public, ); }; };
		2672CFD1D46559B5A316A461 /* generate_docs.sh in Resources */ = {isa = PBXBuildFile; fileRef = 2672C41D39E7E9050ECD8134 /* generate_docs.sh */; };
		D072C19E1DDD2EF1003FF38F /* MadSqlite.framework in Frameworks */ = {isa = PBXBuildFile; fileRef = D072C1941DDD2EF0003FF38F /* MadSqlite.framework */; };
		D072C1A31DDD2EF1003FF38F /* MadSqliteTests.swift in Sources */ = {isa = PBXBuildFile; fileRef = D072C1A21DDD2EF1003FF38F /* MadSqliteTests.swift */; };
		D072C1A51DDD2EF1003FF38F /* MadSqlite.h in Headers */ = {isa = PBXBuildFile; fileRef = D072C1971DDD2EF0003FF38F /* MadSqlite.h */; settings = {ATTRIBUTES = (Public, ); }; };
		D072C1BA1DDD36F3003FF38F /* Constants.hpp in Sources */ = {isa = PBXBuildFile; fileRef = D072C1AE1DDD36F3003FF38F /* Constants.hpp */; settings = {ATTRIBUTES = (Private, ); }; };
		D072C1BB1DDD36F3003FF38F /* ContentValues.cpp in Sources */ = {isa = PBXBuildFile; fileRef = D072C1AF1DDD36F3003FF38F /* ContentValues.cpp */; };
		D072C1BC1DDD36F3003FF38F /* ContentValues.hpp in Sources */ = {isa = PBXBuildFile; fileRef = D072C1B01DDD36F3003FF38F /* ContentValues.hpp */; settings = {ATTRIBUTES = (Private, ); }; };
		D072C1BD1DDD36F3003FF38F /* Cursor.cpp in Sources */ = {isa = PBXBuildFile; fileRef = D072C1B11DDD36F3003FF38F /* Cursor.cpp */; };
		D072C1BE1DDD36F3003FF38F /* Cursor.hpp in Sources */ = {isa = PBXBuildFile; fileRef = D072C1B21DDD36F3003FF38F /* Cursor.hpp */; settings = {ATTRIBUTES = (Private, ); }; };
		D072C1BF1DDD36F3003FF38F /* Database.cpp in Sources */ = {isa = PBXBuildFile; fileRef = D072C1B31DDD36F3003FF38F /* Database.cpp */; };
		D072C1C01DDD36F3003FF38F /* Database.hpp in Sources */ = {isa = PBXBuildFile; fileRef = D072C1B41DDD36F3003FF38F /* Database.hpp */; settings = {ATTRIBUTES = (Private, ); }; };
		D072C1C31DDD36F3003FF38F /* sqlite3.c in Sources */ = {isa = PBXBuildFile; fileRef = D072C1B71DDD36F3003FF38F /* sqlite3.c */; };
		D072C1C41DDD36F3003FF38F /* sqlite3.h in Sources */ = {isa = PBXBuildFile; fileRef = D072C1B81DDD36F3003FF38F /* sqlite3.h */; settings = {ATTRIBUTES = (Private, ); }; };
		D0C0CED11DE47E2500F00E79 /* MadDatabaseImpl.hh in Headers */ = {isa = PBXBuildFile; fileRef = 2672CE5A3819C725488AD23B /* MadDatabaseImpl.hh */; };
		D0C0CED21DE47E5500F00E79 /* MadQuery.h in Headers */ = {isa = PBXBuildFile; fileRef = D08E37921DDD823600F8F4D9 /* MadQuery.h */; settings = {ATTRIBUTES = (Public, ); }; };
/* End PBXBuildFile section */

/* Begin PBXContainerItemProxy section */
		D072C19F1DDD2EF1003FF38F /* PBXContainerItemProxy */ = {
			isa = PBXContainerItemProxy;
			containerPortal = D072C18B1DDD2EF0003FF38F /* Project object */;
			proxyType = 1;
			remoteGlobalIDString = D072C1931DDD2EF0003FF38F;
			remoteInfo = MadSqlite;
		};
/* End PBXContainerItemProxy section */

/* Begin PBXFileReference section */
		2672C281F480F476E6CB0343 /* MadSqliteFactory.hh */ = {isa = PBXFileReference; fileEncoding = 4; lastKnownFileType = sourcecode.cpp.h; path = MadSqliteFactory.hh; sourceTree = SOURCE_ROOT; };
		2672C2ADFBAF45F6278FE659 /* MadQueryImpl.hh */ = {isa = PBXFileReference; fileEncoding = 4; lastKnownFileType = sourcecode.cpp.h; path = MadQueryImpl.hh; sourceTree = "<group>"; };
		2672C408441706F83DFCAB48 /* MadContentValuesImpl.mm */ = {isa = PBXFileReference; fileEncoding = 4; lastKnownFileType = sourcecode.cpp.objcpp; path = MadContentValuesImpl.mm; sourceTree = "<group>"; };
		2672C41D39E7E9050ECD8134 /* generate_docs.sh */ = {isa = PBXFileReference; fileEncoding = 4; lastKnownFileType = text.script.sh; path = generate_docs.sh; sourceTree = "<group>"; };
		2672C5C206CC808E60FB3E10 /* MadContentValues.h */ = {isa = PBXFileReference; fileEncoding = 4; lastKnownFileType = sourcecode.c.h; name = MadContentValues.h; path = ../MadContentValues.h; sourceTree = "<group>"; };
		2672C6B7FAF1F0D7F7085A51 /* MadDatabaseImpl.mm */ = {isa = PBXFileReference; fileEncoding = 4; lastKnownFileType = sourcecode.cpp.objcpp; path = MadDatabaseImpl.mm; sourceTree = "<group>"; };
		2672C8FD20F84FF7C95177CF /* MadQueryImpl.mm */ = {isa = PBXFileReference; fileEncoding = 4; lastKnownFileType = sourcecode.cpp.objcpp; path = MadQueryImpl.mm; sourceTree = "<group>"; };
		2672CB6449AB3BED7DDB3E4F /* MadContentValuesImpl.hh */ = {isa = PBXFileReference; fileEncoding = 4; lastKnownFileType = sourcecode.cpp.h; path = MadContentValuesImpl.hh; sourceTree = "<group>"; };
		2672CE5584F236865F92AAD1 /* MadDatabase.h */ = {isa = PBXFileReference; fileEncoding = 4; lastKnownFileType = sourcecode.c.h; name = MadDatabase.h; path = ../MadDatabase.h; sourceTree = "<group>"; };
		2672CE5A3819C725488AD23B /* MadDatabaseImpl.hh */ = {isa = PBXFileReference; fileEncoding = 4; lastKnownFileType = sourcecode.cpp.h; path = MadDatabaseImpl.hh; sourceTree = "<group>"; };
		2672CE5A6A589A8D046E2CA4 /* MadSqliteFactory.mm */ = {isa = PBXFileReference; fileEncoding = 4; lastKnownFileType = sourcecode.cpp.objcpp; path = MadSqliteFactory.mm; sourceTree = "<group>"; };
		2672CFC6BD5777242B16B6A4 /* MadSqliteFTS5Tests.swift */ = {isa = PBXFileReference; fileEncoding = 4; lastKnownFileType = sourcecode.swift; path = MadSqliteFTS5Tests.swift; sourceTree = "<group>"; };
		D072C1941DDD2EF0003FF38F /* MadSqlite.framework */ = {isa = PBXFileReference; explicitFileType = wrapper.framework; includeInIndex = 0; path = MadSqlite.framework; sourceTree = BUILT_PRODUCTS_DIR; };
		D072C1971DDD2EF0003FF38F /* MadSqlite.h */ = {isa = PBXFileReference; lastKnownFileType = sourcecode.c.h; path = MadSqlite.h; sourceTree = "<group>"; };
		D072C1981DDD2EF0003FF38F /* Info.plist */ = {isa = PBXFileReference; lastKnownFileType = text.plist.xml; path = Info.plist; sourceTree = "<group>"; };
		D072C19D1DDD2EF1003FF38F /* MadSqliteTests.xctest */ = {isa = PBXFileReference; explicitFileType = wrapper.cfbundle; includeInIndex = 0; path = MadSqliteTests.xctest; sourceTree = BUILT_PRODUCTS_DIR; };
		D072C1A21DDD2EF1003FF38F /* MadSqliteTests.swift */ = {isa = PBXFileReference; lastKnownFileType = sourcecode.swift; path = MadSqliteTests.swift; sourceTree = "<group>"; };
		D072C1A41DDD2EF1003FF38F /* Info.plist */ = {isa = PBXFileReference; lastKnownFileType = text.plist.xml; path = Info.plist; sourceTree = "<group>"; };
		D072C1AE1DDD36F3003FF38F /* Constants.hpp */ = {isa = PBXFileReference; lastKnownFileType = sourcecode.cpp.h; name = Constants.hpp; path = ../madsqlite/src/main/cpp/Constants.hpp; sourceTree = "<group>"; };
		D072C1AF1DDD36F3003FF38F /* ContentValues.cpp */ = {isa = PBXFileReference; lastKnownFileType = sourcecode.cpp.cpp; name = ContentValues.cpp; path = ../madsqlite/src/main/cpp/ContentValues.cpp; sourceTree = "<group>"; };
		D072C1B01DDD36F3003FF38F /* ContentValues.hpp */ = {isa = PBXFileReference; lastKnownFileType = sourcecode.cpp.h; name = ContentValues.hpp; path = ../madsqlite/src/main/cpp/ContentValues.hpp; sourceTree = "<group>"; };
		D072C1B11DDD36F3003FF38F /* Cursor.cpp */ = {isa = PBXFileReference; lastKnownFileType = sourcecode.cpp.cpp; name = Cursor.cpp; path = ../madsqlite/src/main/cpp/Cursor.cpp; sourceTree = "<group>"; };
		D072C1B21DDD36F3003FF38F /* Cursor.hpp */ = {isa = PBXFileReference; lastKnownFileType = sourcecode.cpp.h; name = Cursor.hpp; path = ../madsqlite/src/main/cpp/Cursor.hpp; sourceTree = "<group>"; };
		D072C1B31DDD36F3003FF38F /* Database.cpp */ = {isa = PBXFileReference; lastKnownFileType = sourcecode.cpp.cpp; name = Database.cpp; path = ../madsqlite/src/main/cpp/Database.cpp; sourceTree = "<group>"; };
		D072C1B41DDD36F3003FF38F /* Database.hpp */ = {isa = PBXFileReference; lastKnownFileType = sourcecode.cpp.h; name = Database.hpp; path = ../madsqlite/src/main/cpp/Database.hpp; sourceTree = "<group>"; };
		D072C1B71DDD36F3003FF38F /* sqlite3.c */ = {isa = PBXFileReference; lastKnownFileType = sourcecode.c.c; name = sqlite3.c; path = "../madsqlite/src/main/cpp/sqlite-amalgamation-3140200/sqlite3.c"; sourceTree = "<group>"; };
		D072C1B81DDD36F3003FF38F /* sqlite3.h */ = {isa = PBXFileReference; lastKnownFileType = sourcecode.c.h; name = sqlite3.h; path = "../madsqlite/src/main/cpp/sqlite-amalgamation-3140200/sqlite3.h"; sourceTree = "<group>"; };
		D08E37921DDD823600F8F4D9 /* MadQuery.h */ = {isa = PBXFileReference; lastKnownFileType = sourcecode.c.h; name = MadQuery.h; path = ../MadQuery.h; sourceTree = "<group>"; };
		D0C0CED01DE47D9900F00E79 /* MadSqlite-Swift.h */ = {isa = PBXFileReference; lastKnownFileType = sourcecode.c.h; path = "MadSqlite-Swift.h"; sourceTree = "<group>"; };
/* End PBXFileReference section */

/* Begin PBXFrameworksBuildPhase section */
		D072C1901DDD2EF0003FF38F /* Frameworks */ = {
			isa = PBXFrameworksBuildPhase;
			buildActionMask = 2147483647;
			files = (
			);
			runOnlyForDeploymentPostprocessing = 0;
		};
		D072C19A1DDD2EF1003FF38F /* Frameworks */ = {
			isa = PBXFrameworksBuildPhase;
			buildActionMask = 2147483647;
			files = (
				D072C19E1DDD2EF1003FF38F /* MadSqlite.framework in Frameworks */,
			);
			runOnlyForDeploymentPostprocessing = 0;
		};
/* End PBXFrameworksBuildPhase section */

/* Begin PBXGroup section */
		D072C18A1DDD2EF0003FF38F = {
			isa = PBXGroup;
			children = (
				D08E37911DDD7E6A00F8F4D9 /* cpp */,
				D0C0CED01DE47D9900F00E79 /* MadSqlite-Swift.h */,
				2672C8FD20F84FF7C95177CF /* MadQueryImpl.mm */,
				2672C2ADFBAF45F6278FE659 /* MadQueryImpl.hh */,
				2672C6B7FAF1F0D7F7085A51 /* MadDatabaseImpl.mm */,
				2672CE5A3819C725488AD23B /* MadDatabaseImpl.hh */,
				2672C408441706F83DFCAB48 /* MadContentValuesImpl.mm */,
				2672CB6449AB3BED7DDB3E4F /* MadContentValuesImpl.hh */,
				2672CE5A6A589A8D046E2CA4 /* MadSqliteFactory.mm */,
				D072C1961DDD2EF0003FF38F /* MadSqlite */,
				D072C1A11DDD2EF1003FF38F /* MadSqliteTests */,
				D072C1951DDD2EF0003FF38F /* Products */,
				2672C41D39E7E9050ECD8134 /* generate_docs.sh */,
			);
			sourceTree = "<group>";
		};
		D072C1951DDD2EF0003FF38F /* Products */ = {
			isa = PBXGroup;
			children = (
				D072C1941DDD2EF0003FF38F /* MadSqlite.framework */,
				D072C19D1DDD2EF1003FF38F /* MadSqliteTests.xctest */,
			);
			name = Products;
			sourceTree = "<group>";
		};
		D072C1961DDD2EF0003FF38F /* MadSqlite */ = {
			isa = PBXGroup;
			children = (
				D072C1971DDD2EF0003FF38F /* MadSqlite.h */,
				D08E37921DDD823600F8F4D9 /* MadQuery.h */,
				2672C5C206CC808E60FB3E10 /* MadContentValues.h */,
				2672CE5584F236865F92AAD1 /* MadDatabase.h */,
				2672C281F480F476E6CB0343 /* MadSqliteFactory.hh */,
				D072C1981DDD2EF0003FF38F /* Info.plist */,
			);
			path = MadSqlite;
			sourceTree = "<group>";
		};
		D072C1A11DDD2EF1003FF38F /* MadSqliteTests */ = {
			isa = PBXGroup;
			children = (
				D072C1A21DDD2EF1003FF38F /* MadSqliteTests.swift */,
				D072C1A41DDD2EF1003FF38F /* Info.plist */,
				2672CFC6BD5777242B16B6A4 /* MadSqliteFTS5Tests.swift */,
			);
			path = MadSqliteTests;
			sourceTree = "<group>";
		};
		D08E37911DDD7E6A00F8F4D9 /* cpp */ = {
			isa = PBXGroup;
			children = (
				D072C1AE1DDD36F3003FF38F /* Constants.hpp */,
				D072C1AF1DDD36F3003FF38F /* ContentValues.cpp */,
				D072C1B01DDD36F3003FF38F /* ContentValues.hpp */,
				D072C1B11DDD36F3003FF38F /* Cursor.cpp */,
				D072C1B21DDD36F3003FF38F /* Cursor.hpp */,
				D072C1B31DDD36F3003FF38F /* Database.cpp */,
				D072C1B41DDD36F3003FF38F /* Database.hpp */,
				D072C1B71DDD36F3003FF38F /* sqlite3.c */,
				D072C1B81DDD36F3003FF38F /* sqlite3.h */,
			);
			name = cpp;
			sourceTree = "<group>";
		};
/* End PBXGroup section */

/* Begin PBXHeadersBuildPhase section */
		D072C1911DDD2EF0003FF38F /* Headers */ = {
			isa = PBXHeadersBuildPhase;
			buildActionMask = 2147483647;
			files = (
				D072C1A51DDD2EF1003FF38F /* MadSqlite.h in Headers */,
				2672C3C2808B0A7786A1F762 /* MadQueryImpl.hh in Headers */,
				D0C0CED21DE47E5500F00E79 /* MadQuery.h in Headers */,
				2672CCF099FA3690D29016E5 /* MadContentValues.h in Headers */,
				2672CF8C3310F231117BC900 /* MadDatabase.h in Headers */,
				2672C0680ED5686014D6BA99 /* MadSqliteFactory.hh in Headers */,
				D0C0CED11DE47E2500F00E79 /* MadDatabaseImpl.hh in Headers */,
				2672C5A7F5BDD7A12EA3D2DD /* MadContentValuesImpl.hh in Headers */,
			);
			runOnlyForDeploymentPostprocessing = 0;
		};
/* End PBXHeadersBuildPhase section */

/* Begin PBXNativeTarget section */
		D072C1931DDD2EF0003FF38F /* MadSqlite */ = {
			isa = PBXNativeTarget;
			buildConfigurationList = D072C1A81DDD2EF1003FF38F /* Build configuration list for PBXNativeTarget "MadSqlite" */;
			buildPhases = (
				D072C18F1DDD2EF0003FF38F /* Sources */,
				D072C1901DDD2EF0003FF38F /* Frameworks */,
				D072C1911DDD2EF0003FF38F /* Headers */,
				D072C1921DDD2EF0003FF38F /* Resources */,
			);
			buildRules = (
			);
			dependencies = (
			);
			name = MadSqlite;
			productName = MadSqlite;
			productReference = D072C1941DDD2EF0003FF38F /* MadSqlite.framework */;
			productType = "com.apple.product-type.framework";
		};
		D072C19C1DDD2EF1003FF38F /* MadSqliteTests */ = {
			isa = PBXNativeTarget;
			buildConfigurationList = D072C1AB1DDD2EF1003FF38F /* Build configuration list for PBXNativeTarget "MadSqliteTests" */;
			buildPhases = (
				D072C1991DDD2EF1003FF38F /* Sources */,
				D072C19A1DDD2EF1003FF38F /* Frameworks */,
				D072C19B1DDD2EF1003FF38F /* Resources */,
			);
			buildRules = (
			);
			dependencies = (
				D072C1A01DDD2EF1003FF38F /* PBXTargetDependency */,
			);
			name = MadSqliteTests;
			productName = MadSqliteTests;
			productReference = D072C19D1DDD2EF1003FF38F /* MadSqliteTests.xctest */;
			productType = "com.apple.product-type.bundle.unit-test";
		};
/* End PBXNativeTarget section */

/* Begin PBXProject section */
		D072C18B1DDD2EF0003FF38F /* Project object */ = {
			isa = PBXProject;
			attributes = {
				LastSwiftUpdateCheck = 0810;
				LastUpgradeCheck = 0810;
				ORGANIZATIONNAME = "William Kamp";
				TargetAttributes = {
					D072C1931DDD2EF0003FF38F = {
						CreatedOnToolsVersion = 8.1;
						DevelopmentTeam = TH39V46468;
						LastSwiftMigration = 0810;
						ProvisioningStyle = Automatic;
					};
					D072C19C1DDD2EF1003FF38F = {
						CreatedOnToolsVersion = 8.1;
						DevelopmentTeam = TH39V46468;
						ProvisioningStyle = Automatic;
					};
				};
			};
			buildConfigurationList = D072C18E1DDD2EF0003FF38F /* Build configuration list for PBXProject "MadSqlite" */;
			compatibilityVersion = "Xcode 3.2";
			developmentRegion = English;
			hasScannedForEncodings = 0;
			knownRegions = (
				en,
			);
			mainGroup = D072C18A1DDD2EF0003FF38F;
			productRefGroup = D072C1951DDD2EF0003FF38F /* Products */;
			projectDirPath = "";
			projectRoot = "";
			targets = (
				D072C1931DDD2EF0003FF38F /* MadSqlite */,
				D072C19C1DDD2EF1003FF38F /* MadSqliteTests */,
			);
		};
/* End PBXProject section */

/* Begin PBXResourcesBuildPhase section */
		D072C1921DDD2EF0003FF38F /* Resources */ = {
			isa = PBXResourcesBuildPhase;
			buildActionMask = 2147483647;
			files = (
				2672CFD1D46559B5A316A461 /* generate_docs.sh in Resources */,
			);
			runOnlyForDeploymentPostprocessing = 0;
		};
		D072C19B1DDD2EF1003FF38F /* Resources */ = {
			isa = PBXResourcesBuildPhase;
			buildActionMask = 2147483647;
			files = (
			);
			runOnlyForDeploymentPostprocessing = 0;
		};
/* End PBXResourcesBuildPhase section */

/* Begin PBXSourcesBuildPhase section */
		D072C18F1DDD2EF0003FF38F /* Sources */ = {
			isa = PBXSourcesBuildPhase;
			buildActionMask = 2147483647;
			files = (
				D072C1BB1DDD36F3003FF38F /* ContentValues.cpp in Sources */,
				D072C1BD1DDD36F3003FF38F /* Cursor.cpp in Sources */,
				D072C1BF1DDD36F3003FF38F /* Database.cpp in Sources */,
				D072C1C31DDD36F3003FF38F /* sqlite3.c in Sources */,
				D072C1C01DDD36F3003FF38F /* Database.hpp in Sources */,
				D072C1BE1DDD36F3003FF38F /* Cursor.hpp in Sources */,
				D072C1C41DDD36F3003FF38F /* sqlite3.h in Sources */,
				D072C1BA1DDD36F3003FF38F /* Constants.hpp in Sources */,
				D072C1BC1DDD36F3003FF38F /* ContentValues.hpp in Sources */,
				2672C09E47B0D64B3524EC90 /* MadDatabaseImpl.mm in Sources */,
				2672C612EE55CAB60C4B6C2D /* MadQueryImpl.mm in Sources */,
				2672CB1A6AEE63E1107A4E2A /* MadContentValuesImpl.mm in Sources */,
				2672C9FA99FAACF371A22E57 /* MadSqliteFactory.mm in Sources */,
			);
			runOnlyForDeploymentPostprocessing = 0;
		};
		D072C1991DDD2EF1003FF38F /* Sources */ = {
			isa = PBXSourcesBuildPhase;
			buildActionMask = 2147483647;
			files = (
				D072C1A31DDD2EF1003FF38F /* MadSqliteTests.swift in Sources */,
				2672CE1911CEE0954B61316B /* MadSqliteFTS5Tests.swift in Sources */,
			);
			runOnlyForDeploymentPostprocessing = 0;
		};
/* End PBXSourcesBuildPhase section */

/* Begin PBXTargetDependency section */
		D072C1A01DDD2EF1003FF38F /* PBXTargetDependency */ = {
			isa = PBXTargetDependency;
			target = D072C1931DDD2EF0003FF38F /* MadSqlite */;
			targetProxy = D072C19F1DDD2EF1003FF38F /* PBXContainerItemProxy */;
		};
/* End PBXTargetDependency section */

/* Begin XCBuildConfiguration section */
		D072C1A61DDD2EF1003FF38F /* Debug */ = {
			isa = XCBuildConfiguration;
			buildSettings = {
				ALWAYS_SEARCH_USER_PATHS = NO;
				CLANG_ANALYZER_NONNULL = YES;
				CLANG_CXX_LANGUAGE_STANDARD = "gnu++0x";
				CLANG_CXX_LIBRARY = "libc++";
				CLANG_ENABLE_MODULES = YES;
				CLANG_ENABLE_OBJC_ARC = YES;
				CLANG_WARN_BOOL_CONVERSION = YES;
				CLANG_WARN_CONSTANT_CONVERSION = YES;
				CLANG_WARN_DIRECT_OBJC_ISA_USAGE = YES_ERROR;
				CLANG_WARN_DOCUMENTATION_COMMENTS = YES;
				CLANG_WARN_EMPTY_BODY = YES;
				CLANG_WARN_ENUM_CONVERSION = YES;
				CLANG_WARN_INFINITE_RECURSION = YES;
				CLANG_WARN_INT_CONVERSION = YES;
				CLANG_WARN_OBJC_ROOT_CLASS = YES_ERROR;
				CLANG_WARN_SUSPICIOUS_MOVES = YES;
				CLANG_WARN_UNREACHABLE_CODE = YES;
				CLANG_WARN__DUPLICATE_METHOD_MATCH = YES;
				"CODE_SIGN_IDENTITY[sdk=iphoneos*]" = "iPhone Developer";
				COPY_PHASE_STRIP = NO;
				CURRENT_PROJECT_VERSION = 1;
				DEBUG_INFORMATION_FORMAT = dwarf;
				ENABLE_STRICT_OBJC_MSGSEND = YES;
				ENABLE_TESTABILITY = YES;
				GCC_C_LANGUAGE_STANDARD = gnu99;
				GCC_DYNAMIC_NO_PIC = NO;
				GCC_NO_COMMON_BLOCKS = YES;
				GCC_OPTIMIZATION_LEVEL = 0;
				GCC_PREPROCESSOR_DEFINITIONS = (
					"DEBUG=1",
					"$(inherited)",
				);
				GCC_WARN_64_TO_32_BIT_CONVERSION = YES;
				GCC_WARN_ABOUT_RETURN_TYPE = YES_ERROR;
				GCC_WARN_UNDECLARED_SELECTOR = YES;
				GCC_WARN_UNINITIALIZED_AUTOS = YES_AGGRESSIVE;
				GCC_WARN_UNUSED_FUNCTION = YES;
				GCC_WARN_UNUSED_VARIABLE = YES;
				IPHONEOS_DEPLOYMENT_TARGET = 10.1;
				MTL_ENABLE_DEBUG_INFO = YES;
				ONLY_ACTIVE_ARCH = YES;
				OTHER_CFLAGS = "";
				SDKROOT = iphoneos;
				SWIFT_ACTIVE_COMPILATION_CONDITIONS = DEBUG;
				SWIFT_OPTIMIZATION_LEVEL = "-Onone";
				TARGETED_DEVICE_FAMILY = "1,2";
				VERSIONING_SYSTEM = "apple-generic";
				VERSION_INFO_PREFIX = "";
			};
			name = Debug;
		};
		D072C1A71DDD2EF1003FF38F /* Release */ = {
			isa = XCBuildConfiguration;
			buildSettings = {
				ALWAYS_SEARCH_USER_PATHS = NO;
				CLANG_ANALYZER_NONNULL = YES;
				CLANG_CXX_LANGUAGE_STANDARD = "gnu++0x";
				CLANG_CXX_LIBRARY = "libc++";
				CLANG_ENABLE_MODULES = YES;
				CLANG_ENABLE_OBJC_ARC = YES;
				CLANG_WARN_BOOL_CONVERSION = YES;
				CLANG_WARN_CONSTANT_CONVERSION = YES;
				CLANG_WARN_DIRECT_OBJC_ISA_USAGE = YES_ERROR;
				CLANG_WARN_DOCUMENTATION_COMMENTS = YES;
				CLANG_WARN_EMPTY_BODY = YES;
				CLANG_WARN_ENUM_CONVERSION = YES;
				CLANG_WARN_INFINITE_RECURSION = YES;
				CLANG_WARN_INT_CONVERSION = YES;
				CLANG_WARN_OBJC_ROOT_CLASS = YES_ERROR;
				CLANG_WARN_SUSPICIOUS_MOVES = YES;
				CLANG_WARN_UNREACHABLE_CODE = YES;
				CLANG_WARN__DUPLICATE_METHOD_MATCH = YES;
				"CODE_SIGN_IDENTITY[sdk=iphoneos*]" = "iPhone Developer";
				COPY_PHASE_STRIP = NO;
				CURRENT_PROJECT_VERSION = 1;
				DEBUG_INFORMATION_FORMAT = "dwarf-with-dsym";
				ENABLE_NS_ASSERTIONS = NO;
				ENABLE_STRICT_OBJC_MSGSEND = YES;
				GCC_C_LANGUAGE_STANDARD = gnu99;
				GCC_NO_COMMON_BLOCKS = YES;
				GCC_WARN_64_TO_32_BIT_CONVERSION = YES;
				GCC_WARN_ABOUT_RETURN_TYPE = YES_ERROR;
				GCC_WARN_UNDECLARED_SELECTOR = YES;
				GCC_WARN_UNINITIALIZED_AUTOS = YES_AGGRESSIVE;
				GCC_WARN_UNUSED_FUNCTION = YES;
				GCC_WARN_UNUSED_VARIABLE = YES;
				IPHONEOS_DEPLOYMENT_TARGET = 10.1;
				MTL_ENABLE_DEBUG_INFO = NO;
				OTHER_CFLAGS = "";
				SDKROOT = iphoneos;
				SWIFT_OPTIMIZATION_LEVEL = "-Owholemodule";
				TARGETED_DEVICE_FAMILY = "1,2";
				VALIDATE_PRODUCT = YES;
				VERSIONING_SYSTEM = "apple-generic";
				VERSION_INFO_PREFIX = "";
			};
			name = Release;
		};
		D072C1A91DDD2EF1003FF38F /* Debug */ = {
			isa = XCBuildConfiguration;
			buildSettings = {
				CLANG_CXX_LANGUAGE_STANDARD = "c++14";
				CLANG_ENABLE_MODULES = YES;
				CODE_SIGN_IDENTITY = "";
				DEFINES_MODULE = YES;
				DEVELOPMENT_TEAM = TH39V46468;
				DYLIB_COMPATIBILITY_VERSION = 1;
				DYLIB_CURRENT_VERSION = 1;
				DYLIB_INSTALL_NAME_BASE = "@rpath";
				INFOPLIST_FILE = MadSqlite/Info.plist;
				INSTALL_PATH = "$(LOCAL_LIBRARY_DIR)/Frameworks";
				LD_RUNPATH_SEARCH_PATHS = "$(inherited) @executable_path/Frameworks @loader_path/Frameworks";
				OTHER_CFLAGS = (
					"-DSQLITE_ENABLE_FTS5",
					"-DSQLITE_ENABLE_RTREE",
				);
				PRODUCT_BUNDLE_IDENTIFIER = io.madrona.MadSqlite;
				PRODUCT_NAME = "$(TARGET_NAME)";
				SKIP_INSTALL = YES;
				SWIFT_OPTIMIZATION_LEVEL = "-Onone";
				SWIFT_VERSION = 3.0;
			};
			name = Debug;
		};
		D072C1AA1DDD2EF1003FF38F /* Release */ = {
			isa = XCBuildConfiguration;
			buildSettings = {
				CLANG_CXX_LANGUAGE_STANDARD = "c++14";
				CLANG_ENABLE_MODULES = YES;
				CODE_SIGN_IDENTITY = "";
				DEFINES_MODULE = YES;
				DEVELOPMENT_TEAM = TH39V46468;
				DYLIB_COMPATIBILITY_VERSION = 1;
				DYLIB_CURRENT_VERSION = 1;
				DYLIB_INSTALL_NAME_BASE = "@rpath";
				INFOPLIST_FILE = MadSqlite/Info.plist;
				INSTALL_PATH = "$(LOCAL_LIBRARY_DIR)/Frameworks";
				LD_RUNPATH_SEARCH_PATHS = "$(inherited) @executable_path/Frameworks @loader_path/Frameworks";
				OTHER_CFLAGS = (
					"-DSQLITE_ENABLE_FTS5",
					"-DSQLITE_ENABLE_RTREE",
				);
				PRODUCT_BUNDLE_IDENTIFIER = io.madrona.MadSqlite;
				PRODUCT_NAME = "$(TARGET_NAME)";
				SKIP_INSTALL = YES;
				SWIFT_VERSION = 3.0;
			};
			name = Release;
		};
		D072C1AC1DDD2EF1003FF38F /* Debug */ = {
			isa = XCBuildConfiguration;
			buildSettings = {
				ALWAYS_EMBED_SWIFT_STANDARD_LIBRARIES = YES;
				CLANG_CXX_LANGUAGE_STANDARD = "c++14";
				DEVELOPMENT_TEAM = TH39V46468;
				INFOPLIST_FILE = MadSqliteTests/Info.plist;
				LD_RUNPATH_SEARCH_PATHS = "$(inherited) @executable_path/Frameworks @loader_path/Frameworks";
				PRODUCT_BUNDLE_IDENTIFIER = io.madrona.MadSqliteTests;
				PRODUCT_NAME = "$(TARGET_NAME)";
				SWIFT_OBJC_BRIDGING_HEADER = "MadSqlite-Swift.h";
				SWIFT_VERSION = 3.0;
			};
			name = Debug;
		};
		D072C1AD1DDD2EF1003FF38F /* Release */ = {
			isa = XCBuildConfiguration;
			buildSettings = {
				ALWAYS_EMBED_SWIFT_STANDARD_LIBRARIES = YES;
				CLANG_CXX_LANGUAGE_STANDARD = "c++14";
				DEVELOPMENT_TEAM = TH39V46468;
				INFOPLIST_FILE = MadSqliteTests/Info.plist;
				LD_RUNPATH_SEARCH_PATHS = "$(inherited) @executable_path/Frameworks @loader_path/Frameworks";
				PRODUCT_BUNDLE_IDENTIFIER = io.madrona.MadSqliteTests;
				PRODUCT_NAME = "$(TARGET_NAME)";
				SWIFT_OBJC_BRIDGING_HEADER = "MadSqlite-Swift.h";
				SWIFT_VERSION = 3.0;
			};
			name = Release;
		};
/* End XCBuildConfiguration section */

/* Begin XCConfigurationList section */
		D072C18E1DDD2EF0003FF38F /* Build configuration list for PBXProject "MadSqlite" */ = {
			isa = XCConfigurationList;
			buildConfigurations = (
				D072C1A61DDD2EF1003FF38F /* Debug */,
				D072C1A71DDD2EF1003FF38F /* Release */,
			);
			defaultConfigurationIsVisible = 0;
			defaultConfigurationName = Release;
		};
		D072C1A81DDD2EF1003FF38F /* Build configuration list for PBXNativeTarget "MadSqlite" */ = {
			isa = XCConfigurationList;
			buildConfigurations = (
				D072C1A91DDD2EF1003FF38F /* Debug */,
				D072C1AA1DDD2EF1003FF38F /* Release */,
			);
			defaultConfigurationIsVisible = 0;
			defaultConfigurationName = Release;
		};
		D072C1AB1DDD2EF1003FF38F /* Build configuration list for PBXNativeTarget "MadSqliteTests" */ = {
			isa = XCConfigurationList;
			buildConfigurations = (
				D072C1AC1DDD2EF1003FF38F /* Debug */,
				D072C1AD1DDD2EF1003FF38F /* Release */,
			);
			defaultConfigurationIsVisible = 0;
			defaultConfigurationName = Release;
		};
/* End XCConfigurationList section */
	};
	rootObject = D072C18B1DDD2EF0003FF38F /* Project object */;
}
