PODS:
  - MadSqlite (0.1.0)

DEPENDENCIES:
  - MadSqlite (from `https://github.com/manimaul/madsqlite.git`)

EXTERNAL SOURCES:
  MadSqlite:
    :git: https://github.com/manimaul/madsqlite.git

CHECKOUT OPTIONS:
  MadSqlite:
    :commit: 91f4ad0d303e9c498df4256ed29dcf4f42cffe55
    :git: https://github.com/manimaul/madsqlite.git

SPEC CHECKSUMS:
  MadSqlite: 651032da37dda598ec29f8eb178e51578a2c93c9

PODFILE CHECKSUM: ba6afc4e800b27ba490fd394b37d3d458a5934f7

COCOAPODS: 1.1.1
