PODS:
  - MadSqlite (0.1.0)

DEPENDENCIES:
  - MadSqlite (from `https://github.com/manimaul/madsqlite.git`, tag `0.1.0`)

EXTERNAL SOURCES:
  MadSqlite:
    :git: https://github.com/manimaul/madsqlite.git
    :tag: 0.1.0

CHECKOUT OPTIONS:
  MadSqlite:
    :git: https://github.com/manimaul/madsqlite.git
    :tag: 0.1.0

SPEC CHECKSUMS:
  MadSqlite: ebd62887d43de67d0943d70d36f701071a66943e

PODFILE CHECKSUM: 4a940009975158fc3d0cfbef5a6f3553f1e0e867

COCOAPODS: 1.1.1
